version: 2.0
shards:
  admiral:
    git: https://github.com/jwaldrip/admiral.cr.git
    version: 1.11.2

  crustache:
    git: https://github.com/MakeNowJust/crustache.git
    version: 2.4.1

  pyrite:
    git: https://github.com/psykube/pyrite.git
    version: 1.2.2+git.commit.afb374daac1b0fe2a3921d0121810e70eb80140f

