version: 1.0
shards:
  admiral:
    github: jwaldrip/admiral.cr
    version: 1.5.0

  crustache:
    github: jwaldrip/crustache
    version: 2.4.0

  inflector:
    github: phoffer/inflector.cr
    version: 0.1.8

  mime-types:
    github: jwaldrip/mime-types.cr
    version: 1.1.0

  oak:
    github: obsidian/oak
    version: 1.0.2

  orion:
    github: obsidian/orion
    version: 1.4.0

  pyrite:
    github: psykube/pyrite
    commit: 270584bf9bb1c1ed7ff29b7607cfdde4c5b611cd

